
Microsoft Visual Studio Solution File, Format Version 12.00
# Visual Studio Version 16
VisualStudioVersion = 16.0.30011.22
MinimumVisualStudioVersion = 10.0.40219.1
Project("{8BC9CEB8-8B4A-11D0-8D11-00A0C91BC942}") = "KNLMeansCL", "KNLMeansCL.vcxproj", "{4F3313F6-9B79-4F63-89C1-D1E2D56656E8}"
EndProject
Global
	GlobalSection(SolutionConfigurationPlatforms) = preSolution
		Debug|x64 = Debug|x64
		Debug|x86 = Debug|x86
		Release_XP|x64 = Release_XP|x64
		Release_XP|x86 = Release_XP|x86
		Release|x64 = Release|x64
		Release|x86 = Release|x86
	EndGlobalSection
	GlobalSection(ProjectConfigurationPlatforms) = postSolution
		{4F3313F6-9B79-4F63-89C1-D1E2D56656E8}.Debug|x64.ActiveCfg = Debug|x64
		{4F3313F6-9B79-4F63-89C1-D1E2D56656E8}.Debug|x64.Build.0 = Debug|x64
		{4F3313F6-9B79-4F63-89C1-D1E2D56656E8}.Debug|x86.ActiveCfg = Debug|Win32
		{4F3313F6-9B79-4F63-89C1-D1E2D56656E8}.Debug|x86.Build.0 = Debug|Win32
		{4F3313F6-9B79-4F63-89C1-D1E2D56656E8}.Release_XP|x64.ActiveCfg = Release_XP|x64
		{4F3313F6-9B79-4F63-89C1-D1E2D56656E8}.Release_XP|x64.Build.0 = Release_XP|x64
		{4F3313F6-9B79-4F63-89C1-D1E2D56656E8}.Release_XP|x86.ActiveCfg = Release_XP|Win32
		{4F3313F6-9B79-4F63-89C1-D1E2D56656E8}.Release_XP|x86.Build.0 = Release_XP|Win32
		{4F3313F6-9B79-4F63-89C1-D1E2D56656E8}.Release|x64.ActiveCfg = Release|x64
		{4F3313F6-9B79-4F63-89C1-D1E2D56656E8}.Release|x64.Build.0 = Release|x64
		{4F3313F6-9B79-4F63-89C1-D1E2D56656E8}.Release|x86.ActiveCfg = Release|Win32
		{4F3313F6-9B79-4F63-89C1-D1E2D56656E8}.Release|x86.Build.0 = Release|Win32
	EndGlobalSection
	GlobalSection(SolutionProperties) = preSolution
		HideSolutionNode = FALSE
	EndGlobalSection
	GlobalSection(ExtensibilityGlobals) = postSolution
		SolutionGuid = {05B3D6FC-C6B2-4B52-865A-A9A620D4E33B}
	EndGlobalSection
EndGlobal
